
Microsoft Visual Studio Solution File, Format Version 12.00
# Visual Studio Version 18
VisualStudioVersion = 18.2.11415.280
MinimumVisualStudioVersion = 10.0.40219.1
Project("{FAE04EC0-301F-11D3-BF4B-00C04F79EFBC}") = "GaussianBlurUI", "GaussianBlurUI\GaussianBlurUI.csproj", "{A18FB34B-1C8A-4C82-9E7A-EFC31F6DA2DE}"
	ProjectSection(ProjectDependencies) = postProject
		{66C7E6CB-93DA-47B2-977D-3A0258909F66} = {66C7E6CB-93DA-47B2-977D-3A0258909F66}
		{73C11883-1001-49B3-93CA-FAFA2927D8F0} = {73C11883-1001-49B3-93CA-FAFA2927D8F0}
	EndProjectSection
EndProject
Project("{8BC9CEB8-8B4A-11D0-8D11-00A0C91BC942}") = "GaussianBlurASM_Horizontal", "GaussianBlurASM_Horizontal\GaussianBlurASM_Horizontal.vcxproj", "{73C11883-1001-49B3-93CA-FAFA2927D8F0}"
EndProject
Project("{8BC9CEB8-8B4A-11D0-8D11-00A0C91BC942}") = "GaussianBlurASM_Vertical", "GaussianBlurASM_Vertical\GaussianBlurASM_Vertical.vcxproj", "{66C7E6CB-93DA-47B2-977D-3A0258909F66}"
EndProject
Project("{8BC9CEB8-8B4A-11D0-8D11-00A0C91BC942}") = "GaussianBlurCPP_Horizontal", "GaussianBlurCPP_Horizontal\GaussianBlurCPP_Horizontal.vcxproj", "{4F406DCA-BFDD-4060-87E0-8E4B4020331E}"
EndProject
Project("{8BC9CEB8-8B4A-11D0-8D11-00A0C91BC942}") = "GaussianBlurCPP_Vertical", "GaussianBlurCPP_Vertical\GaussianBlurCPP_Vertical.vcxproj", "{40CFFE39-6A93-40A1-B506-1E686062D88B}"
EndProject
Global
	GlobalSection(SolutionConfigurationPlatforms) = preSolution
		Debug|Any CPU = Debug|Any CPU
		Debug|x64 = Debug|x64
		Debug|x86 = Debug|x86
		Release|Any CPU = Release|Any CPU
		Release|x64 = Release|x64
		Release|x86 = Release|x86
	EndGlobalSection
	GlobalSection(ProjectConfigurationPlatforms) = postSolution
		{A18FB34B-1C8A-4C82-9E7A-EFC31F6DA2DE}.Debug|Any CPU.ActiveCfg = Debug|Any CPU
		{A18FB34B-1C8A-4C82-9E7A-EFC31F6DA2DE}.Debug|Any CPU.Build.0 = Debug|Any CPU
		{A18FB34B-1C8A-4C82-9E7A-EFC31F6DA2DE}.Debug|x64.ActiveCfg = Debug|x64
		{A18FB34B-1C8A-4C82-9E7A-EFC31F6DA2DE}.Debug|x64.Build.0 = Debug|x64
		{A18FB34B-1C8A-4C82-9E7A-EFC31F6DA2DE}.Debug|x86.ActiveCfg = Debug|Any CPU
		{A18FB34B-1C8A-4C82-9E7A-EFC31F6DA2DE}.Debug|x86.Build.0 = Debug|Any CPU
		{A18FB34B-1C8A-4C82-9E7A-EFC31F6DA2DE}.Release|Any CPU.ActiveCfg = Release|Any CPU
		{A18FB34B-1C8A-4C82-9E7A-EFC31F6DA2DE}.Release|Any CPU.Build.0 = Release|Any CPU
		{A18FB34B-1C8A-4C82-9E7A-EFC31F6DA2DE}.Release|x64.ActiveCfg = Release|x64
		{A18FB34B-1C8A-4C82-9E7A-EFC31F6DA2DE}.Release|x64.Build.0 = Release|x64
		{A18FB34B-1C8A-4C82-9E7A-EFC31F6DA2DE}.Release|x86.ActiveCfg = Release|Any CPU
		{A18FB34B-1C8A-4C82-9E7A-EFC31F6DA2DE}.Release|x86.Build.0 = Release|Any CPU
		{73C11883-1001-49B3-93CA-FAFA2927D8F0}.Debug|Any CPU.ActiveCfg = Debug|x64
		{73C11883-1001-49B3-93CA-FAFA2927D8F0}.Debug|Any CPU.Build.0 = Debug|x64
		{73C11883-1001-49B3-93CA-FAFA2927D8F0}.Debug|x64.ActiveCfg = Debug|x64
		{73C11883-1001-49B3-93CA-FAFA2927D8F0}.Debug|x64.Build.0 = Debug|x64
		{73C11883-1001-49B3-93CA-FAFA2927D8F0}.Debug|x86.ActiveCfg = Debug|Win32
		{73C11883-1001-49B3-93CA-FAFA2927D8F0}.Debug|x86.Build.0 = Debug|Win32
		{73C11883-1001-49B3-93CA-FAFA2927D8F0}.Release|Any CPU.ActiveCfg = Release|x64
		{73C11883-1001-49B3-93CA-FAFA2927D8F0}.Release|Any CPU.Build.0 = Release|x64
		{73C11883-1001-49B3-93CA-FAFA2927D8F0}.Release|x64.ActiveCfg = Release|x64
		{73C11883-1001-49B3-93CA-FAFA2927D8F0}.Release|x64.Build.0 = Release|x64
		{73C11883-1001-49B3-93CA-FAFA2927D8F0}.Release|x86.ActiveCfg = Release|Win32
		{73C11883-1001-49B3-93CA-FAFA2927D8F0}.Release|x86.Build.0 = Release|Win32
		{66C7E6CB-93DA-47B2-977D-3A0258909F66}.Debug|Any CPU.ActiveCfg = Debug|x64
		{66C7E6CB-93DA-47B2-977D-3A0258909F66}.Debug|Any CPU.Build.0 = Debug|x64
		{66C7E6CB-93DA-47B2-977D-3A0258909F66}.Debug|x64.ActiveCfg = Debug|x64
		{66C7E6CB-93DA-47B2-977D-3A0258909F66}.Debug|x64.Build.0 = Debug|x64
		{66C7E6CB-93DA-47B2-977D-3A0258909F66}.Debug|x86.ActiveCfg = Debug|Win32
		{66C7E6CB-93DA-47B2-977D-3A0258909F66}.Debug|x86.Build.0 = Debug|Win32
		{66C7E6CB-93DA-47B2-977D-3A0258909F66}.Release|Any CPU.ActiveCfg = Release|x64
		{66C7E6CB-93DA-47B2-977D-3A0258909F66}.Release|Any CPU.Build.0 = Release|x64
		{66C7E6CB-93DA-47B2-977D-3A0258909F66}.Release|x64.ActiveCfg = Release|x64
		{66C7E6CB-93DA-47B2-977D-3A0258909F66}.Release|x64.Build.0 = Release|x64
		{66C7E6CB-93DA-47B2-977D-3A0258909F66}.Release|x86.ActiveCfg = Release|Win32
		{66C7E6CB-93DA-47B2-977D-3A0258909F66}.Release|x86.Build.0 = Release|Win32
		{4F406DCA-BFDD-4060-87E0-8E4B4020331E}.Debug|Any CPU.ActiveCfg = Debug|x64
		{4F406DCA-BFDD-4060-87E0-8E4B4020331E}.Debug|Any CPU.Build.0 = Debug|x64
		{4F406DCA-BFDD-4060-87E0-8E4B4020331E}.Debug|x64.ActiveCfg = Debug|x64
		{4F406DCA-BFDD-4060-87E0-8E4B4020331E}.Debug|x64.Build.0 = Debug|x64
		{4F406DCA-BFDD-4060-87E0-8E4B4020331E}.Debug|x86.ActiveCfg = Debug|Win32
		{4F406DCA-BFDD-4060-87E0-8E4B4020331E}.Debug|x86.Build.0 = Debug|Win32
		{4F406DCA-BFDD-4060-87E0-8E4B4020331E}.Release|Any CPU.ActiveCfg = Release|x64
		{4F406DCA-BFDD-4060-87E0-8E4B4020331E}.Release|Any CPU.Build.0 = Release|x64
		{4F406DCA-BFDD-4060-87E0-8E4B4020331E}.Release|x64.ActiveCfg = Release|x64
		{4F406DCA-BFDD-4060-87E0-8E4B4020331E}.Release|x64.Build.0 = Release|x64
		{4F406DCA-BFDD-4060-87E0-8E4B4020331E}.Release|x86.ActiveCfg = Release|Win32
		{4F406DCA-BFDD-4060-87E0-8E4B4020331E}.Release|x86.Build.0 = Release|Win32
		{40CFFE39-6A93-40A1-B506-1E686062D88B}.Debug|Any CPU.ActiveCfg = Debug|x64
		{40CFFE39-6A93-40A1-B506-1E686062D88B}.Debug|Any CPU.Build.0 = Debug|x64
		{40CFFE39-6A93-40A1-B506-1E686062D88B}.Debug|x64.ActiveCfg = Debug|x64
		{40CFFE39-6A93-40A1-B506-1E686062D88B}.Debug|x64.Build.0 = Debug|x64
		{40CFFE39-6A93-40A1-B506-1E686062D88B}.Debug|x86.ActiveCfg = Debug|Win32
		{40CFFE39-6A93-40A1-B506-1E686062D88B}.Debug|x86.Build.0 = Debug|Win32
		{40CFFE39-6A93-40A1-B506-1E686062D88B}.Release|Any CPU.ActiveCfg = Release|x64
		{40CFFE39-6A93-40A1-B506-1E686062D88B}.Release|Any CPU.Build.0 = Release|x64
		{40CFFE39-6A93-40A1-B506-1E686062D88B}.Release|x64.ActiveCfg = Release|x64
		{40CFFE39-6A93-40A1-B506-1E686062D88B}.Release|x64.Build.0 = Release|x64
		{40CFFE39-6A93-40A1-B506-1E686062D88B}.Release|x86.ActiveCfg = Release|Win32
		{40CFFE39-6A93-40A1-B506-1E686062D88B}.Release|x86.Build.0 = Release|Win32
	EndGlobalSection
	GlobalSection(SolutionProperties) = preSolution
		HideSolutionNode = FALSE
	EndGlobalSection
	GlobalSection(ExtensibilityGlobals) = postSolution
		SolutionGuid = {F54E69DC-6973-4060-9C25-3D005038EE7A}
	EndGlobalSection
EndGlobal
